Microsoft Visual Studio Solution File, Format Version 12.00
# Visual Studio Version 17
VisualStudioVersion = 17.0.31903.59
MinimumVisualStudioVersion = 10.0.40219.1
Project("{9A19103F-16F7-4668-BE54-9A1E7A4F7556}") = "OpenLibraryApiTests", "ApiTests\OpenLibraryApiTests.csproj", "{A0EDB622-2D6B-4946-9F47-034499357EA1}"
EndProject
Global
	GlobalSection(SolutionConfigurationPlatforms) = preSolution
		Debug|Any CPU = Debug|Any CPU
		Release|Any CPU = Release|Any CPU
	EndGlobalSection
	GlobalSection(ProjectConfigurationPlatforms) = postSolution
		{A0EDB622-2D6B-4946-9F47-034499357EA1}.Debug|Any CPU.ActiveCfg = Debug|Any CPU
		{A0EDB622-2D6B-4946-9F47-034499357EA1}.Debug|Any CPU.Build.0 = Debug|Any CPU
		{A0EDB622-2D6B-4946-9F47-034499357EA1}.Release|Any CPU.ActiveCfg = Release|Any CPU
		{A0EDB622-2D6B-4946-9F47-034499357EA1}.Release|Any CPU.Build.0 = Release|Any CPU
	EndGlobalSection
	GlobalSection(SolutionProperties) = preSolution
		HideSolutionNode = FALSE
	EndGlobalSection
	GlobalSection(ExtensibilityGlobals) = postSolution
		        SolutionGuid = {7AA2F3D5-DFC5-4121-8276-027A1972026B}
		SolutionGuid = {BB62C5A4-643E-4E96-9B4C-96AB3302E3CB}
	EndGlobalSection
EndGlobal
